
Microsoft Visual Studio Solution File, Format Version 12.00
# Visual Studio Version 16
VisualStudioVersion = 16.0.32228.343
MinimumVisualStudioVersion = 10.0.40219.1
Project("{FAE04EC0-301F-11D3-BF4B-00C04F79EFBC}") = "ODataCoreUrlHelper", "ODataCoreUrlHelper\ODataCoreUrlHelper.csproj", "{F59B4D58-D492-4F33-88B8-CD0D2E8B501D}"
EndProject
Global
	GlobalSection(SolutionConfigurationPlatforms) = preSolution
		Debug|Any CPU = Debug|Any CPU
		Release|Any CPU = Release|Any CPU
	EndGlobalSection
	GlobalSection(ProjectConfigurationPlatforms) = postSolution
		{F59B4D58-D492-4F33-88B8-CD0D2E8B501D}.Debug|Any CPU.ActiveCfg = Debug|Any CPU
		{F59B4D58-D492-4F33-88B8-CD0D2E8B501D}.Debug|Any CPU.Build.0 = Debug|Any CPU
		{F59B4D58-D492-4F33-88B8-CD0D2E8B501D}.Release|Any CPU.ActiveCfg = Release|Any CPU
		{F59B4D58-D492-4F33-88B8-CD0D2E8B501D}.Release|Any CPU.Build.0 = Release|Any CPU
	EndGlobalSection
	GlobalSection(SolutionProperties) = preSolution
		HideSolutionNode = FALSE
	EndGlobalSection
	GlobalSection(ExtensibilityGlobals) = postSolution
		SolutionGuid = {1C1099CA-FE3B-49AB-AA22-84BC6D930BA3}
	EndGlobalSection
EndGlobal
